
Microsoft Visual Studio Solution File, Format Version 12.00
# Visual Studio Version 17
VisualStudioVersion = 17.5.33502.453
MinimumVisualStudioVersion = 10.0.40219.1
Project("{9A19103F-16F7-4668-BE54-9A1E7A4F7556}") = "ClientAPI", "ClientAPI\ClientAPI.csproj", "{9A092AA1-B746-42D9-9164-5726195D7614}"
EndProject
Project("{9A19103F-16F7-4668-BE54-9A1E7A4F7556}") = "Common", "Common\Common.csproj", "{FEB46A8C-FB98-4E89-A669-021ACBD0294F}"
EndProject
Project("{9A19103F-16F7-4668-BE54-9A1E7A4F7556}") = "MessageBrokerApplication", "MessageBrokerApplication\MessageBrokerApplication.csproj", "{28365FE1-28C8-4054-81A7-267B8CF271F1}"
EndProject
Project("{9A19103F-16F7-4668-BE54-9A1E7A4F7556}") = "ServerApi", "ServerApi\ServerApi.csproj", "{5963B0BB-10AD-469B-A875-8C457B0D3D66}"
EndProject
Project("{9A19103F-16F7-4668-BE54-9A1E7A4F7556}") = "ServerApplication", "ServerApplication\ServerApplication.csproj", "{2A3F8B04-AA2C-4EA2-857A-7DD612DE3AF4}"
EndProject
Global
	GlobalSection(SolutionConfigurationPlatforms) = preSolution
		Debug|Any CPU = Debug|Any CPU
		Release|Any CPU = Release|Any CPU
	EndGlobalSection
	GlobalSection(ProjectConfigurationPlatforms) = postSolution
		{9A092AA1-B746-42D9-9164-5726195D7614}.Debug|Any CPU.ActiveCfg = Debug|Any CPU
		{9A092AA1-B746-42D9-9164-5726195D7614}.Debug|Any CPU.Build.0 = Debug|Any CPU
		{9A092AA1-B746-42D9-9164-5726195D7614}.Release|Any CPU.ActiveCfg = Release|Any CPU
		{9A092AA1-B746-42D9-9164-5726195D7614}.Release|Any CPU.Build.0 = Release|Any CPU
		{FEB46A8C-FB98-4E89-A669-021ACBD0294F}.Debug|Any CPU.ActiveCfg = Debug|Any CPU
		{FEB46A8C-FB98-4E89-A669-021ACBD0294F}.Debug|Any CPU.Build.0 = Debug|Any CPU
		{FEB46A8C-FB98-4E89-A669-021ACBD0294F}.Release|Any CPU.ActiveCfg = Release|Any CPU
		{FEB46A8C-FB98-4E89-A669-021ACBD0294F}.Release|Any CPU.Build.0 = Release|Any CPU
		{28365FE1-28C8-4054-81A7-267B8CF271F1}.Debug|Any CPU.ActiveCfg = Debug|Any CPU
		{28365FE1-28C8-4054-81A7-267B8CF271F1}.Debug|Any CPU.Build.0 = Debug|Any CPU
		{28365FE1-28C8-4054-81A7-267B8CF271F1}.Release|Any CPU.ActiveCfg = Release|Any CPU
		{28365FE1-28C8-4054-81A7-267B8CF271F1}.Release|Any CPU.Build.0 = Release|Any CPU
		{5963B0BB-10AD-469B-A875-8C457B0D3D66}.Debug|Any CPU.ActiveCfg = Debug|Any CPU
		{5963B0BB-10AD-469B-A875-8C457B0D3D66}.Debug|Any CPU.Build.0 = Debug|Any CPU
		{5963B0BB-10AD-469B-A875-8C457B0D3D66}.Release|Any CPU.ActiveCfg = Release|Any CPU
		{5963B0BB-10AD-469B-A875-8C457B0D3D66}.Release|Any CPU.Build.0 = Release|Any CPU
		{2A3F8B04-AA2C-4EA2-857A-7DD612DE3AF4}.Debug|Any CPU.ActiveCfg = Debug|Any CPU
		{2A3F8B04-AA2C-4EA2-857A-7DD612DE3AF4}.Debug|Any CPU.Build.0 = Debug|Any CPU
		{2A3F8B04-AA2C-4EA2-857A-7DD612DE3AF4}.Release|Any CPU.ActiveCfg = Release|Any CPU
		{2A3F8B04-AA2C-4EA2-857A-7DD612DE3AF4}.Release|Any CPU.Build.0 = Release|Any CPU
	EndGlobalSection
	GlobalSection(SolutionProperties) = preSolution
		HideSolutionNode = FALSE
	EndGlobalSection
	GlobalSection(ExtensibilityGlobals) = postSolution
		SolutionGuid = {12C66D91-AEF4-4625-A168-167927424FFD}
	EndGlobalSection
EndGlobal
